
Microsoft Visual Studio Solution File, Format Version 12.00
# Visual Studio Version 17
VisualStudioVersion = 17.5.002.0
MinimumVisualStudioVersion = 10.0.40219.1
Project("{9A19103F-16F7-4668-BE54-9A1E7A4F7556}") = "engin_demirog_dotnet", "engin_demirog_dotnet.csproj", "{988B1D70-A57C-4A70-AF0E-7C12289603A8}"
EndProject
Global
	GlobalSection(SolutionConfigurationPlatforms) = preSolution
		Debug|Any CPU = Debug|Any CPU
		Release|Any CPU = Release|Any CPU
	EndGlobalSection
	GlobalSection(ProjectConfigurationPlatforms) = postSolution
		{988B1D70-A57C-4A70-AF0E-7C12289603A8}.Debug|Any CPU.ActiveCfg = Debug|Any CPU
		{988B1D70-A57C-4A70-AF0E-7C12289603A8}.Debug|Any CPU.Build.0 = Debug|Any CPU
		{988B1D70-A57C-4A70-AF0E-7C12289603A8}.Release|Any CPU.ActiveCfg = Release|Any CPU
		{988B1D70-A57C-4A70-AF0E-7C12289603A8}.Release|Any CPU.Build.0 = Release|Any CPU
	EndGlobalSection
	GlobalSection(SolutionProperties) = preSolution
		HideSolutionNode = FALSE
	EndGlobalSection
	GlobalSection(ExtensibilityGlobals) = postSolution
		SolutionGuid = {F3D8942D-49BA-4B04-BEDE-F2C97308B97B}
	EndGlobalSection
EndGlobal
